{
  "originHash" : "99d89b79500af62ed13d33c01837cddd2af8b121ef4881d1fefd8047c785d298",
  "pins" : [
    {
      "identity" : "kanna",
      "kind" : "remoteSourceControl",
      "location" : "https://github.com/tid-kijyun/Kanna.git",
      "state" : {
        "revision" : "3c73af6d3859d9240db60aef233941a715387744",
        "version" : "6.1.0"
      }
    },
    {
      "identity" : "kingfisher",
      "kind" : "remoteSourceControl",
      "location" : "https://github.com/onevcat/Kingfisher.git",
      "state" : {
        "revision" : "c152c1915f60c51e4afa0752656993ee5b3c63db",
        "version" : "8.8.1"
      }
    },
    {
      "identity" : "texture",
      "kind" : "remoteSourceControl",
      "location" : "https://github.com/FluidGroup/Texture.git",
      "state" : {
        "revision" : "9620825e5f97dfbd1ce653443e5165d5eb405b9b",
        "version" : "3.0.4"
      }
    }
  ],
  "version" : 3
}
